
Microsoft Visual Studio Solution File, Format Version 12.00
# Visual Studio Version 17
VisualStudioVersion = 17.0.31903.59
MinimumVisualStudioVersion = 10.0.40219.1
Project("{2150E333-8FDC-42A3-9474-1A3956D46DE8}") = "src", "src", "{827E0CD3-B72D-47B6-A68D-7590B98EB39B}"
EndProject
Project("{FAE04EC0-301F-11D3-BF4B-00C04F79EFBC}") = "Fdash.Core", "src\Fdash.Core\Fdash.Core.csproj", "{0DD54202-FE08-4057-A283-C9B8A6DCD0E3}"
EndProject
Project("{FAE04EC0-301F-11D3-BF4B-00C04F79EFBC}") = "Fdash.Rcon", "src\Fdash.Rcon\Fdash.Rcon.csproj", "{E11D7AA7-4580-4F91-B3FA-5E055A2761B9}"
EndProject
Project("{FAE04EC0-301F-11D3-BF4B-00C04F79EFBC}") = "Fdash.Storage", "src\Fdash.Storage\Fdash.Storage.csproj", "{16B5B523-8909-405C-B88D-37DBEC9A2F70}"
EndProject
Project("{FAE04EC0-301F-11D3-BF4B-00C04F79EFBC}") = "Fdash.Collector", "src\Fdash.Collector\Fdash.Collector.csproj", "{5FCB1BA1-A878-484E-A4FE-7C311B3E0D1A}"
EndProject
Project("{FAE04EC0-301F-11D3-BF4B-00C04F79EFBC}") = "Fdash.Api", "src\Fdash.Api\Fdash.Api.csproj", "{CF20E4CE-E620-4DA7-B57B-A0F88642BE91}"
EndProject
Global
	GlobalSection(SolutionConfigurationPlatforms) = preSolution
		Debug|Any CPU = Debug|Any CPU
		Debug|x64 = Debug|x64
		Debug|x86 = Debug|x86
		Release|Any CPU = Release|Any CPU
		Release|x64 = Release|x64
		Release|x86 = Release|x86
	EndGlobalSection
	GlobalSection(ProjectConfigurationPlatforms) = postSolution
		{0DD54202-FE08-4057-A283-C9B8A6DCD0E3}.Debug|Any CPU.ActiveCfg = Debug|Any CPU
		{0DD54202-FE08-4057-A283-C9B8A6DCD0E3}.Debug|Any CPU.Build.0 = Debug|Any CPU
		{0DD54202-FE08-4057-A283-C9B8A6DCD0E3}.Debug|x64.ActiveCfg = Debug|Any CPU
		{0DD54202-FE08-4057-A283-C9B8A6DCD0E3}.Debug|x64.Build.0 = Debug|Any CPU
		{0DD54202-FE08-4057-A283-C9B8A6DCD0E3}.Debug|x86.ActiveCfg = Debug|Any CPU
		{0DD54202-FE08-4057-A283-C9B8A6DCD0E3}.Debug|x86.Build.0 = Debug|Any CPU
		{0DD54202-FE08-4057-A283-C9B8A6DCD0E3}.Release|Any CPU.ActiveCfg = Release|Any CPU
		{0DD54202-FE08-4057-A283-C9B8A6DCD0E3}.Release|Any CPU.Build.0 = Release|Any CPU
		{0DD54202-FE08-4057-A283-C9B8A6DCD0E3}.Release|x64.ActiveCfg = Release|Any CPU
		{0DD54202-FE08-4057-A283-C9B8A6DCD0E3}.Release|x64.Build.0 = Release|Any CPU
		{0DD54202-FE08-4057-A283-C9B8A6DCD0E3}.Release|x86.ActiveCfg = Release|Any CPU
		{0DD54202-FE08-4057-A283-C9B8A6DCD0E3}.Release|x86.Build.0 = Release|Any CPU
		{E11D7AA7-4580-4F91-B3FA-5E055A2761B9}.Debug|Any CPU.ActiveCfg = Debug|Any CPU
		{E11D7AA7-4580-4F91-B3FA-5E055A2761B9}.Debug|Any CPU.Build.0 = Debug|Any CPU
		{E11D7AA7-4580-4F91-B3FA-5E055A2761B9}.Debug|x64.ActiveCfg = Debug|Any CPU
		{E11D7AA7-4580-4F91-B3FA-5E055A2761B9}.Debug|x64.Build.0 = Debug|Any CPU
		{E11D7AA7-4580-4F91-B3FA-5E055A2761B9}.Debug|x86.ActiveCfg = Debug|Any CPU
		{E11D7AA7-4580-4F91-B3FA-5E055A2761B9}.Debug|x86.Build.0 = Debug|Any CPU
		{E11D7AA7-4580-4F91-B3FA-5E055A2761B9}.Release|Any CPU.ActiveCfg = Release|Any CPU
		{E11D7AA7-4580-4F91-B3FA-5E055A2761B9}.Release|Any CPU.Build.0 = Release|Any CPU
		{E11D7AA7-4580-4F91-B3FA-5E055A2761B9}.Release|x64.ActiveCfg = Release|Any CPU
		{E11D7AA7-4580-4F91-B3FA-5E055A2761B9}.Release|x64.Build.0 = Release|Any CPU
		{E11D7AA7-4580-4F91-B3FA-5E055A2761B9}.Release|x86.ActiveCfg = Release|Any CPU
		{E11D7AA7-4580-4F91-B3FA-5E055A2761B9}.Release|x86.Build.0 = Release|Any CPU
		{16B5B523-8909-405C-B88D-37DBEC9A2F70}.Debug|Any CPU.ActiveCfg = Debug|Any CPU
		{16B5B523-8909-405C-B88D-37DBEC9A2F70}.Debug|Any CPU.Build.0 = Debug|Any CPU
		{16B5B523-8909-405C-B88D-37DBEC9A2F70}.Debug|x64.ActiveCfg = Debug|Any CPU
		{16B5B523-8909-405C-B88D-37DBEC9A2F70}.Debug|x64.Build.0 = Debug|Any CPU
		{16B5B523-8909-405C-B88D-37DBEC9A2F70}.Debug|x86.ActiveCfg = Debug|Any CPU
		{16B5B523-8909-405C-B88D-37DBEC9A2F70}.Debug|x86.Build.0 = Debug|Any CPU
		{16B5B523-8909-405C-B88D-37DBEC9A2F70}.Release|Any CPU.ActiveCfg = Release|Any CPU
		{16B5B523-8909-405C-B88D-37DBEC9A2F70}.Release|Any CPU.Build.0 = Release|Any CPU
		{16B5B523-8909-405C-B88D-37DBEC9A2F70}.Release|x64.ActiveCfg = Release|Any CPU
		{16B5B523-8909-405C-B88D-37DBEC9A2F70}.Release|x64.Build.0 = Release|Any CPU
		{16B5B523-8909-405C-B88D-37DBEC9A2F70}.Release|x86.ActiveCfg = Release|Any CPU
		{16B5B523-8909-405C-B88D-37DBEC9A2F70}.Release|x86.Build.0 = Release|Any CPU
		{5FCB1BA1-A878-484E-A4FE-7C311B3E0D1A}.Debug|Any CPU.ActiveCfg = Debug|Any CPU
		{5FCB1BA1-A878-484E-A4FE-7C311B3E0D1A}.Debug|Any CPU.Build.0 = Debug|Any CPU
		{5FCB1BA1-A878-484E-A4FE-7C311B3E0D1A}.Debug|x64.ActiveCfg = Debug|Any CPU
		{5FCB1BA1-A878-484E-A4FE-7C311B3E0D1A}.Debug|x64.Build.0 = Debug|Any CPU
		{5FCB1BA1-A878-484E-A4FE-7C311B3E0D1A}.Debug|x86.ActiveCfg = Debug|Any CPU
		{5FCB1BA1-A878-484E-A4FE-7C311B3E0D1A}.Debug|x86.Build.0 = Debug|Any CPU
		{5FCB1BA1-A878-484E-A4FE-7C311B3E0D1A}.Release|Any CPU.ActiveCfg = Release|Any CPU
		{5FCB1BA1-A878-484E-A4FE-7C311B3E0D1A}.Release|Any CPU.Build.0 = Release|Any CPU
		{5FCB1BA1-A878-484E-A4FE-7C311B3E0D1A}.Release|x64.ActiveCfg = Release|Any CPU
		{5FCB1BA1-A878-484E-A4FE-7C311B3E0D1A}.Release|x64.Build.0 = Release|Any CPU
		{5FCB1BA1-A878-484E-A4FE-7C311B3E0D1A}.Release|x86.ActiveCfg = Release|Any CPU
		{5FCB1BA1-A878-484E-A4FE-7C311B3E0D1A}.Release|x86.Build.0 = Release|Any CPU
		{CF20E4CE-E620-4DA7-B57B-A0F88642BE91}.Debug|Any CPU.ActiveCfg = Debug|Any CPU
		{CF20E4CE-E620-4DA7-B57B-A0F88642BE91}.Debug|Any CPU.Build.0 = Debug|Any CPU
		{CF20E4CE-E620-4DA7-B57B-A0F88642BE91}.Debug|x64.ActiveCfg = Debug|Any CPU
		{CF20E4CE-E620-4DA7-B57B-A0F88642BE91}.Debug|x64.Build.0 = Debug|Any CPU
		{CF20E4CE-E620-4DA7-B57B-A0F88642BE91}.Debug|x86.ActiveCfg = Debug|Any CPU
		{CF20E4CE-E620-4DA7-B57B-A0F88642BE91}.Debug|x86.Build.0 = Debug|Any CPU
		{CF20E4CE-E620-4DA7-B57B-A0F88642BE91}.Release|Any CPU.ActiveCfg = Release|Any CPU
		{CF20E4CE-E620-4DA7-B57B-A0F88642BE91}.Release|Any CPU.Build.0 = Release|Any CPU
		{CF20E4CE-E620-4DA7-B57B-A0F88642BE91}.Release|x64.ActiveCfg = Release|Any CPU
		{CF20E4CE-E620-4DA7-B57B-A0F88642BE91}.Release|x64.Build.0 = Release|Any CPU
		{CF20E4CE-E620-4DA7-B57B-A0F88642BE91}.Release|x86.ActiveCfg = Release|Any CPU
		{CF20E4CE-E620-4DA7-B57B-A0F88642BE91}.Release|x86.Build.0 = Release|Any CPU
	EndGlobalSection
	GlobalSection(SolutionProperties) = preSolution
		HideSolutionNode = FALSE
	EndGlobalSection
	GlobalSection(NestedProjects) = preSolution
		{0DD54202-FE08-4057-A283-C9B8A6DCD0E3} = {827E0CD3-B72D-47B6-A68D-7590B98EB39B}
		{E11D7AA7-4580-4F91-B3FA-5E055A2761B9} = {827E0CD3-B72D-47B6-A68D-7590B98EB39B}
		{16B5B523-8909-405C-B88D-37DBEC9A2F70} = {827E0CD3-B72D-47B6-A68D-7590B98EB39B}
		{5FCB1BA1-A878-484E-A4FE-7C311B3E0D1A} = {827E0CD3-B72D-47B6-A68D-7590B98EB39B}
		{CF20E4CE-E620-4DA7-B57B-A0F88642BE91} = {827E0CD3-B72D-47B6-A68D-7590B98EB39B}
	EndGlobalSection
EndGlobal
